# This file is automatically @generated by Cargo.
# It is not intended for manual editing.
version = 3

[[package]]
name = "termist"
version = "0.1.0"

[[package]]
name = "termist_config"
version = "0.1.0"

[[package]]
name = "termist_config_derive"
version = "0.1.0"

[[package]]
name = "termist_terminal"
version = "0.1.0"
